github.com/gorilla/mux v1.8.0 h1:i40aqfkR1h2SlN9hojwV5ZA91wcXFOvkdNIeFDP5koI=
github.com/gorilla/mux v1.8.0/go.mod h1:DVbg23sWSpFRCP0SfiEN6jmj59UnW/n46BH5rLB71So=
github.com/illublank/go-common v0.1.0 h1:30PBQCEroompAcVPhCVkxrCyM2BWnu4y9sRZMnvtW1Q=
github.com/illublank/go-common v0.1.0/go.mod h1:e8Pso6rou4myL5sNF5XO1tcgzX6COKVdG693BD6/YFI=
